
Microsoft Visual Studio Solution File, Format Version 12.00
# Visual Studio Version 17
VisualStudioVersion = 17.11.35222.181
MinimumVisualStudioVersion = 10.0.40219.1
Project("{FAE04EC0-301F-11D3-BF4B-00C04F79EFBC}") = "m6", "m6.csproj", "{06521467-479A-4ECB-842F-EB2F8111F897}"
EndProject
Global
	GlobalSection(SolutionConfigurationPlatforms) = preSolution
		Debug|Any CPU = Debug|Any CPU
		Release|Any CPU = Release|Any CPU
	EndGlobalSection
	GlobalSection(ProjectConfigurationPlatforms) = postSolution
		{06521467-479A-4ECB-842F-EB2F8111F897}.Debug|Any CPU.ActiveCfg = Debug|Any CPU
		{06521467-479A-4ECB-842F-EB2F8111F897}.Debug|Any CPU.Build.0 = Debug|Any CPU
		{06521467-479A-4ECB-842F-EB2F8111F897}.Release|Any CPU.ActiveCfg = Release|Any CPU
		{06521467-479A-4ECB-842F-EB2F8111F897}.Release|Any CPU.Build.0 = Release|Any CPU
	EndGlobalSection
	GlobalSection(SolutionProperties) = preSolution
		HideSolutionNode = FALSE
	EndGlobalSection
	GlobalSection(ExtensibilityGlobals) = postSolution
		SolutionGuid = {C19B0395-1D39-427A-8A8A-74D830EE6D61}
	EndGlobalSection
EndGlobal
